{
    "_readme": [
        "This file locks the dependencies of your project to a known state",
        "Read more about it at https://getcomposer.org/doc/01-basic-usage.md#installing-dependencies",
        "This file is @generated automatically"
    ],
    "content-hash": "73995b6ac0eb941d2f573243b25f7ca7",
    "packages": [
        {
            "name": "staabm/thincache",
            "version": "1.0.6",
            "source": {
                "type": "git",
                "url": "https://github.com/staabm/thincache.git",
                "reference": "90c332822e938d49c788b41561da9e8e424f17c6"
            },
            "dist": {
                "type": "zip",
                "url": "https://api.github.com/repos/staabm/thincache/zipball/90c332822e938d49c788b41561da9e8e424f17c6",
                "reference": "90c332822e938d49c788b41561da9e8e424f17c6",
                "shasum": ""
            },
            "require": {
                "php": "^7.0 || ^8.0"
            },
            "require-dev": {
                "phpstan/phpstan": "^0.12.99"
            },
            "type": "library",
            "autoload": {
                "classmap": [
                    "src/"
                ]
            },
            "notification-url": "https://packagist.org/downloads/",
            "license": [
                "MIT"
            ],
            "authors": [
                {
                    "name": "Markus Staab",
                    "email": "markus.staab@redaxo.de"
                }
            ],
            "description": "Thin abstraction layer for PHP 5.2+",
            "support": {
                "issues": "https://github.com/staabm/thincache/issues",
                "source": "https://github.com/staabm/thincache/tree/1.0.6"
            },
            "time": "2024-05-06T07:54:11+00:00"
        }
    ],
    "packages-dev": [
        {
            "name": "shipmonk/composer-dependency-analyser",
            "version": "1.8.3",
            "source": {
                "type": "git",
                "url": "https://github.com/shipmonk-rnd/composer-dependency-analyser.git",
                "reference": "ca6b2725cd4854d97c1ce08e6954a74fbdd25372"
            },
            "dist": {
                "type": "zip",
                "url": "https://api.github.com/repos/shipmonk-rnd/composer-dependency-analyser/zipball/ca6b2725cd4854d97c1ce08e6954a74fbdd25372",
                "reference": "ca6b2725cd4854d97c1ce08e6954a74fbdd25372",
                "shasum": ""
            },
            "require": {
                "ext-json": "*",
                "ext-tokenizer": "*",
                "php": "^7.2 || ^8.0"
            },
            "require-dev": {
                "editorconfig-checker/editorconfig-checker": "^10.6.0",
                "ergebnis/composer-normalize": "^2.19.0",
                "ext-dom": "*",
                "ext-libxml": "*",
                "phpcompatibility/php-compatibility": "^9.3.5",
                "phpstan/phpstan": "^1.12.3",
                "phpstan/phpstan-phpunit": "^1.4.0",
                "phpstan/phpstan-strict-rules": "^1.6.0",
                "phpunit/phpunit": "^8.5.39 || ^9.6.20",
                "shipmonk/name-collision-detector": "^2.1.1",
                "slevomat/coding-standard": "^8.15.0"
            },
            "bin": [
                "bin/composer-dependency-analyser"
            ],
            "type": "library",
            "autoload": {
                "psr-4": {
                    "ShipMonk\\ComposerDependencyAnalyser\\": "src/"
                }
            },
            "notification-url": "https://packagist.org/downloads/",
            "license": [
                "MIT"
            ],
            "description": "Fast detection of composer dependency issues (dead dependencies, shadow dependencies, misplaced dependencies)",
            "keywords": [
                "analyser",
                "composer",
                "composer dependency",
                "dead code",
                "dead dependency",
                "detector",
                "dev",
                "misplaced dependency",
                "shadow dependency",
                "static analysis",
                "unused code",
                "unused dependency"
            ],
            "support": {
                "issues": "https://github.com/shipmonk-rnd/composer-dependency-analyser/issues",
                "source": "https://github.com/shipmonk-rnd/composer-dependency-analyser/tree/1.8.3"
            },
            "time": "2025-02-10T13:31:57+00:00"
        }
    ],
    "aliases": [],
    "minimum-stability": "stable",
    "stability-flags": {},
    "prefer-stable": false,
    "prefer-lowest": false,
    "platform": {},
    "platform-dev": {},
    "plugin-api-version": "2.6.0"
}
